schema: '2.0'
stages:
  prepare:
    cmd: python src/prepare.py
    deps:
    - path: data/movie_lines.txt
      hash: md5
      md5: 5090b93272d88d91681710cb78ae8e2d
      size: 34641919
    - path: src/prepare.py
      hash: md5
      md5: 29a97be1cc05d05ebb7d0c096a8120d3
      size: 648
    params:
      params.yaml:
        base.data_path: data/movie_lines.txt
    outs:
    - path: data/clean_dialogues.csv
      hash: md5
      md5: 02b339bc41133798ea9740f2ebf04772
      size: 17370989
  train_lstm:
    cmd: python src/train_lstm.py
    deps:
    - path: data/clean_dialogues.csv
      hash: md5
      md5: 02b339bc41133798ea9740f2ebf04772
      size: 17370989
    - path: data/glove.6B.100d.txt
      hash: md5
      md5: dd7f3ad906768166883176d69cc028de
      size: 347116733
    - path: src/train_lstm.py
      hash: md5
      md5: 3fffa851190ac7ccd89981cae7052805
      size: 3744
    params:
      params.yaml:
        train_lstm:
          subset_size: 120000
          vocab_size: 15000
          max_seq_len: 50
          embedding_dim: 100
          glove_path: data/glove.6B.100d.txt
          lstm_units_1: 256
          lstm_units_2: 128
          batch_size: 128
          epochs: 100
          patience: 5
    outs:
    - path: models/movie_lstm.h5
      hash: md5
      md5: 83b3a307f2510475e45f0d01cb59007b
      size: 36015272
    - path: models/tokenizer.pkl
      hash: md5
      md5: e67bc51ba4ac1c4cad71fc87dfc609fc
      size: 1369913
  train_transformer:
    cmd: python src/train_transformer.py
    deps:
    - path: data/clean_dialogues.csv
      hash: md5
      md5: 02b339bc41133798ea9740f2ebf04772
      size: 17370989
    - path: src/train_transformer.py
      hash: md5
      md5: 742ec4ed58c7465f62b415bb31e69e99
      size: 2669
    params:
      params.yaml:
        train_transformer:
          model_name: distilgpt2
          test_size: 0.2
          epochs: 5
          learning_rate: 2e-05
    outs:
    - path: models/transformer_weights/
      hash: md5
      md5: 2a1192cb9d8611a728555242c790e3c2.dir
      size: 331222380
      nfiles: 6
